
Microsoft Visual Studio Solution File, Format Version 12.00
# Visual Studio Version 17
VisualStudioVersion = 17.3.32922.545
MinimumVisualStudioVersion = 10.0.40219.1
Project("{2150E333-8FDC-42A3-9474-1A3956D46DE8}") = "Src", "Src", "{ABDE01B6-FC83-456F-A98A-D7A8EC332C54}"
EndProject
Project("{2150E333-8FDC-42A3-9474-1A3956D46DE8}") = "Solution Items", "Solution Items", "{1E8EB7EF-3C77-4CBB-846F-B478D10F0B34}"
	ProjectSection(SolutionItems) = preProject
		ServiceUrls.txt = ServiceUrls.txt
	EndProjectSection
EndProject
Project("{2150E333-8FDC-42A3-9474-1A3956D46DE8}") = "ApiGateWays", "ApiGateWays", "{AC5F2AF6-0104-4D80-81D6-EFBBEF04E45F}"
EndProject
Project("{2150E333-8FDC-42A3-9474-1A3956D46DE8}") = "BuildingBlocks", "BuildingBlocks", "{EE2A562B-AC0D-46BD-AFD0-6DC475D72A24}"
EndProject
Project("{2150E333-8FDC-42A3-9474-1A3956D46DE8}") = "Services", "Services", "{30AA9BE3-B623-4F28-B3CA-05679C94CA4A}"
EndProject
Project("{2150E333-8FDC-42A3-9474-1A3956D46DE8}") = "Clients", "Clients", "{071AE26E-6E7E-4756-9C5A-9DC0C315B232}"
EndProject
Project("{2150E333-8FDC-42A3-9474-1A3956D46DE8}") = "WebClient", "WebClient", "{53DDF2EC-07CD-4E21-A63D-C0C2DA398F77}"
EndProject
Project("{2150E333-8FDC-42A3-9474-1A3956D46DE8}") = "WebApiGateWay", "WebApiGateWay", "{CF3C7FC1-89BF-4116-935F-B0F516111B22}"
EndProject
Project("{9A19103F-16F7-4668-BE54-9A1E7A4F7556}") = "E-Commerce.Web.ApiGateWay", "Src\ApiGateWays\WebApiGateWay\E-Commerce.Web.ApiGateWay\E-Commerce.Web.ApiGateWay.csproj", "{E07E72A9-AFCE-4ACE-9B4A-8CA0A1B43441}"
EndProject
Project("{2150E333-8FDC-42A3-9474-1A3956D46DE8}") = "EventBus", "EventBus", "{1641289B-3C05-4D26-AB53-76000A474F33}"
EndProject
Project("{9A19103F-16F7-4668-BE54-9A1E7A4F7556}") = "E-Commerce.EventBus.Base", "Src\BuildingBlocks\EventBus\E-Commerce.EventBus.Base\E-Commerce.EventBus.Base.csproj", "{16091AF8-DA92-4885-8DA6-8DCF17667EB5}"
EndProject
Project("{9A19103F-16F7-4668-BE54-9A1E7A4F7556}") = "E-Commerce.EventBus.Factory", "Src\BuildingBlocks\EventBus\E-Commerce.EventBus.Factory\E-Commerce.EventBus.Factory.csproj", "{AF848A61-C73D-4F30-976F-70E475FADB14}"
EndProject
Project("{9A19103F-16F7-4668-BE54-9A1E7A4F7556}") = "E-Commerce.EventBus.AzureServiceBus", "Src\BuildingBlocks\EventBus\E-Commerce.EventBus.AzureServiceBus\E-Commerce.EventBus.AzureServiceBus.csproj", "{C69633A9-455B-4AB1-BECE-B5F0F6344217}"
EndProject
Project("{9A19103F-16F7-4668-BE54-9A1E7A4F7556}") = "E-Commerce.EventBus.RabbitMq", "Src\BuildingBlocks\EventBus\E-Commerce.EventBus.RabbitMq\E-Commerce.EventBus.RabbitMq.csproj", "{CB50D08F-5B4C-41BE-B640-2B92E75416BC}"
EndProject
Project("{9A19103F-16F7-4668-BE54-9A1E7A4F7556}") = "E-Commerce.WebApp", "Src\Clients\WebClient\E-Commerce.WebApp\E-Commerce.WebApp.csproj", "{2022F594-B593-47F3-9585-99AE52F7B5C4}"
EndProject
Project("{2150E333-8FDC-42A3-9474-1A3956D46DE8}") = "BasketService", "BasketService", "{D2062203-42CB-40D2-8C7B-042EFCDA8EDA}"
EndProject
Project("{2150E333-8FDC-42A3-9474-1A3956D46DE8}") = "CatalogService", "CatalogService", "{65AA9A4B-D07C-40F7-854A-DAF2160F17B0}"
EndProject
Project("{2150E333-8FDC-42A3-9474-1A3956D46DE8}") = "IdentityService", "IdentityService", "{DB2E7374-BB7D-47E0-B419-DC88D5E89FEA}"
EndProject
Project("{2150E333-8FDC-42A3-9474-1A3956D46DE8}") = "NotificationService", "NotificationService", "{871089B4-1C8F-4FD2-B5FE-A55779692F9A}"
EndProject
Project("{2150E333-8FDC-42A3-9474-1A3956D46DE8}") = "OrderService", "OrderService", "{2BCFBC71-8566-4890-A1C6-311CE895F86A}"
EndProject
Project("{2150E333-8FDC-42A3-9474-1A3956D46DE8}") = "Core", "Core", "{D51FF296-E77E-4AF0-8CAA-790C7FCE3AAA}"
EndProject
Project("{2150E333-8FDC-42A3-9474-1A3956D46DE8}") = "InFrastructure", "InFrastructure", "{702CB53D-3457-464C-A106-251DD92C1FC2}"
EndProject
Project("{2150E333-8FDC-42A3-9474-1A3956D46DE8}") = "Presentation", "Presentation", "{46FD332C-F313-4CE9-A7E8-32453BDFEBDF}"
EndProject
Project("{2150E333-8FDC-42A3-9474-1A3956D46DE8}") = "Core", "Core", "{49DDF670-B6C9-4FE0-9424-5F275FE4C9B5}"
EndProject
Project("{2150E333-8FDC-42A3-9474-1A3956D46DE8}") = "Infrastructure", "Infrastructure", "{11B821A2-3453-4835-86D5-E14996C7DF57}"
EndProject
Project("{2150E333-8FDC-42A3-9474-1A3956D46DE8}") = "Presentation", "Presentation", "{0C8F1228-4E7E-43BF-8BCD-46FF7EB15145}"
EndProject
Project("{2150E333-8FDC-42A3-9474-1A3956D46DE8}") = "Core", "Core", "{12479A96-67B5-41E2-9284-3F80BAFAC6B9}"
EndProject
Project("{2150E333-8FDC-42A3-9474-1A3956D46DE8}") = "Infrastructure", "Infrastructure", "{9DC0F8AC-F608-4543-807E-0FCDDDFD11E6}"
EndProject
Project("{2150E333-8FDC-42A3-9474-1A3956D46DE8}") = "Presentation", "Presentation", "{442A6673-1380-45AC-91E6-C74CA6399979}"
EndProject
Project("{2150E333-8FDC-42A3-9474-1A3956D46DE8}") = "Core", "Core", "{09F5C7EB-EAF4-41A2-A909-E713510BA7C6}"
EndProject
Project("{2150E333-8FDC-42A3-9474-1A3956D46DE8}") = "Infrastructure", "Infrastructure", "{05F7807F-6FBB-4A94-A547-DE738763A7F6}"
EndProject
Project("{2150E333-8FDC-42A3-9474-1A3956D46DE8}") = "Presentation", "Presentation", "{ED09E72C-E679-4D00-9D2F-BA174889A8FA}"
EndProject
Project("{9A19103F-16F7-4668-BE54-9A1E7A4F7556}") = "E-Commerce.BasketService.Domain", "Src\Services\BasketService\Core\E-Commerce.BasketService.Domain\E-Commerce.BasketService.Domain.csproj", "{3FB26DC7-308C-4C7B-BC76-B27095C29357}"
EndProject
Project("{9A19103F-16F7-4668-BE54-9A1E7A4F7556}") = "E-Commerce.BasketService.Application", "Src\Services\BasketService\Core\E-Commerce.BasketService.Application\E-Commerce.BasketService.Application.csproj", "{2138DE1B-6BF0-4348-9989-4FA7BA9FE057}"
EndProject
Project("{9A19103F-16F7-4668-BE54-9A1E7A4F7556}") = "E-Commerce.BasketService.Persistence", "Src\Services\BasketService\Infrastructure\E-Commerce.BasketService.Persistence\E-Commerce.BasketService.Persistence.csproj", "{464181FC-4899-4420-A567-0061F919523F}"
EndProject
Project("{9A19103F-16F7-4668-BE54-9A1E7A4F7556}") = "E-Commerce.BasketService.Api", "Src\Services\BasketService\Presentation\E-Commerce.BasketService.Api\E-Commerce.BasketService.Api.csproj", "{9360BEA7-461F-4C2D-8E55-FD571D85FF08}"
EndProject
Project("{9A19103F-16F7-4668-BE54-9A1E7A4F7556}") = "E-Commerce.CatalogService.Domain", "Src\Services\CatalogService\Core\E-Commerce.CatalogService.Domain\E-Commerce.CatalogService.Domain.csproj", "{08691344-739B-4276-AFFF-5740B0D533DB}"
EndProject
Project("{9A19103F-16F7-4668-BE54-9A1E7A4F7556}") = "E-Commerce.CatalogService.Application", "Src\Services\CatalogService\Core\E-Commerce.CatalogService.Application\E-Commerce.CatalogService.Application.csproj", "{90AABE7A-2DD0-4831-8B31-5E7597D4A269}"
EndProject
Project("{9A19103F-16F7-4668-BE54-9A1E7A4F7556}") = "E-Commerce.CatalogService.Persistence", "Src\Services\CatalogService\Infrastructure\E-Commerce.CatalogService.Persistence\E-Commerce.CatalogService.Persistence.csproj", "{2E8DB957-FFBA-4E4F-9683-787599658ECD}"
EndProject
Project("{9A19103F-16F7-4668-BE54-9A1E7A4F7556}") = "E-Commerce.CatalogService.Api", "Src\Services\CatalogService\Presentation\E-Commerce.CatalogService.Api\E-Commerce.CatalogService.Api.csproj", "{B6CBFA17-FB0C-492A-8DC9-FAA4320783F3}"
EndProject
Project("{9A19103F-16F7-4668-BE54-9A1E7A4F7556}") = "E-Commerce.IdentityService.Domain", "Src\Services\IdentityService\Core\E-Commerce.IdentityService.Domain\E-Commerce.IdentityService.Domain.csproj", "{FC7206B5-AEB1-467F-A147-D424CA8DE106}"
EndProject
Project("{9A19103F-16F7-4668-BE54-9A1E7A4F7556}") = "E-Commerce.IdentityService.Application", "Src\Services\IdentityService\Core\E-Commerce.IdentityService.Application\E-Commerce.IdentityService.Application.csproj", "{231846DB-B256-46EF-BEB3-FA3CBE955509}"
EndProject
Project("{9A19103F-16F7-4668-BE54-9A1E7A4F7556}") = "E-Commerce.IdentityService.Persistence", "Src\Services\IdentityService\Infrastructure\E-Commerce.IdentityService.Persistence\E-Commerce.IdentityService.Persistence.csproj", "{99089D06-A0E6-43D7-BAE9-EDEA36FD71A7}"
EndProject
Project("{9A19103F-16F7-4668-BE54-9A1E7A4F7556}") = "E-Commerce.OrderService.Domain", "Src\Services\OrderService\Core\E-Commerce.OrderService.Domain\E-Commerce.OrderService.Domain.csproj", "{3823770F-4339-47A0-AF7B-ABF05384E8E9}"
EndProject
Project("{2150E333-8FDC-42A3-9474-1A3956D46DE8}") = "PaymentService", "PaymentService", "{080A16AA-95D9-4AD9-830E-9AE72501E325}"
EndProject
Project("{2150E333-8FDC-42A3-9474-1A3956D46DE8}") = "Core", "Core", "{CAF9F8E7-E22D-49F2-9A35-333EF601411E}"
EndProject
Project("{2150E333-8FDC-42A3-9474-1A3956D46DE8}") = "Infrastructure", "Infrastructure", "{469062CD-0D3F-4F0F-AFC8-6D4884FB5B66}"
EndProject
Project("{2150E333-8FDC-42A3-9474-1A3956D46DE8}") = "Presentation", "Presentation", "{E57CC3F7-4E50-45FB-B3A9-66152F21704A}"
EndProject
Project("{9A19103F-16F7-4668-BE54-9A1E7A4F7556}") = "E-Commerce.PaymentService.Domain", "Src\Services\PaymentService\Core\E-Commerce.PaymentService.Domain\E-Commerce.PaymentService.Domain.csproj", "{2FBFE46F-3801-4505-8789-2CCE624097E4}"
EndProject
Project("{9A19103F-16F7-4668-BE54-9A1E7A4F7556}") = "E-Commerce.PaymentService.Application", "Src\Services\PaymentService\Core\E-Commerce.PaymentService.Application\E-Commerce.PaymentService.Application.csproj", "{CE4115C1-F335-4309-AE08-A42C7687FE82}"
EndProject
Project("{9A19103F-16F7-4668-BE54-9A1E7A4F7556}") = "E-Commerce.PaymentService.Persistence", "Src\Services\PaymentService\Infrastructure\E-Commerce.PaymentService.Persistence\E-Commerce.PaymentService.Persistence.csproj", "{AB0B01FA-6189-44E1-AB9E-4B72DC548C12}"
EndProject
Project("{9A19103F-16F7-4668-BE54-9A1E7A4F7556}") = "E-Commerce.PaymentService.Infrastructure", "Src\Services\PaymentService\Infrastructure\E-Commerce.PaymentService.Infrastructure\E-Commerce.PaymentService.Infrastructure.csproj", "{A74C97E6-4567-4D69-AB48-06A43C550A2D}"
EndProject
Project("{9A19103F-16F7-4668-BE54-9A1E7A4F7556}") = "E-Commerce.PaymentService.Api", "Src\Services\PaymentService\Presentation\E-Commerce.PaymentService.Api\E-Commerce.PaymentService.Api.csproj", "{5326D679-0E55-44EE-AC87-C29DB1333CE9}"
EndProject
Project("{9A19103F-16F7-4668-BE54-9A1E7A4F7556}") = "E-Commerce.IdentityService.Api", "Src\Services\IdentityService\Presentation\E-Commerce.IdentityService.Api\E-Commerce.IdentityService.Api.csproj", "{37303E5F-9395-4E5A-885C-6FC62762DB3A}"
EndProject
Project("{2150E333-8FDC-42A3-9474-1A3956D46DE8}") = "Tests", "Tests", "{467AFEB8-BF33-44B0-9BDC-53257DB702E8}"
EndProject
Project("{2150E333-8FDC-42A3-9474-1A3956D46DE8}") = "BuildingBlocks", "BuildingBlocks", "{EB8F3B03-199E-4EAB-96F5-11D527410C0D}"
EndProject
Project("{9A19103F-16F7-4668-BE54-9A1E7A4F7556}") = "EventBus.Test", "Tests\BuildingBlocks\EventBus.Test\EventBus.Test.csproj", "{DFB83449-5F8A-421E-9E90-039AF60F7050}"
EndProject
Project("{9A19103F-16F7-4668-BE54-9A1E7A4F7556}") = "E-Commerce.OrderService.Application", "Src\Services\OrderService\Core\E-Commerce.OrderService.Application\E-Commerce.OrderService.Application.csproj", "{3E1E1DA9-5E9F-4BB5-8D8E-EDEDF2AEFBB8}"
EndProject
Project("{9A19103F-16F7-4668-BE54-9A1E7A4F7556}") = "E-Commerce.OrderService.Persistence", "Src\Services\OrderService\Infrastructure\E-Commerce.OrderService.Persistence\E-Commerce.OrderService.Persistence.csproj", "{AD1973A1-E0FF-45DB-9A02-BC92D8BA687C}"
EndProject
Project("{9A19103F-16F7-4668-BE54-9A1E7A4F7556}") = "E-Commerce.OrderService.Api", "Src\Services\OrderService\Presentation\E-Commerce.OrderService.Api\E-Commerce.OrderService.Api.csproj", "{C5E8B094-8227-4933-9BEC-E6ACD06BF29E}"
EndProject
Project("{FAE04EC0-301F-11D3-BF4B-00C04F79EFBC}") = "E-Commerce.NotificationService", "Src\Services\NotificationService\E-Commerce.NotificationService\E-Commerce.NotificationService.csproj", "{18D2A78A-F9FC-454F-8B5F-DC0C7CB50715}"
EndProject
Global
	GlobalSection(SolutionConfigurationPlatforms) = preSolution
		Debug|Any CPU = Debug|Any CPU
		Release|Any CPU = Release|Any CPU
	EndGlobalSection
	GlobalSection(ProjectConfigurationPlatforms) = postSolution
		{E07E72A9-AFCE-4ACE-9B4A-8CA0A1B43441}.Debug|Any CPU.ActiveCfg = Debug|Any CPU
		{E07E72A9-AFCE-4ACE-9B4A-8CA0A1B43441}.Debug|Any CPU.Build.0 = Debug|Any CPU
		{E07E72A9-AFCE-4ACE-9B4A-8CA0A1B43441}.Release|Any CPU.ActiveCfg = Release|Any CPU
		{E07E72A9-AFCE-4ACE-9B4A-8CA0A1B43441}.Release|Any CPU.Build.0 = Release|Any CPU
		{16091AF8-DA92-4885-8DA6-8DCF17667EB5}.Debug|Any CPU.ActiveCfg = Debug|Any CPU
		{16091AF8-DA92-4885-8DA6-8DCF17667EB5}.Debug|Any CPU.Build.0 = Debug|Any CPU
		{16091AF8-DA92-4885-8DA6-8DCF17667EB5}.Release|Any CPU.ActiveCfg = Release|Any CPU
		{16091AF8-DA92-4885-8DA6-8DCF17667EB5}.Release|Any CPU.Build.0 = Release|Any CPU
		{AF848A61-C73D-4F30-976F-70E475FADB14}.Debug|Any CPU.ActiveCfg = Debug|Any CPU
		{AF848A61-C73D-4F30-976F-70E475FADB14}.Debug|Any CPU.Build.0 = Debug|Any CPU
		{AF848A61-C73D-4F30-976F-70E475FADB14}.Release|Any CPU.ActiveCfg = Release|Any CPU
		{AF848A61-C73D-4F30-976F-70E475FADB14}.Release|Any CPU.Build.0 = Release|Any CPU
		{C69633A9-455B-4AB1-BECE-B5F0F6344217}.Debug|Any CPU.ActiveCfg = Debug|Any CPU
		{C69633A9-455B-4AB1-BECE-B5F0F6344217}.Debug|Any CPU.Build.0 = Debug|Any CPU
		{C69633A9-455B-4AB1-BECE-B5F0F6344217}.Release|Any CPU.ActiveCfg = Release|Any CPU
		{C69633A9-455B-4AB1-BECE-B5F0F6344217}.Release|Any CPU.Build.0 = Release|Any CPU
		{CB50D08F-5B4C-41BE-B640-2B92E75416BC}.Debug|Any CPU.ActiveCfg = Debug|Any CPU
		{CB50D08F-5B4C-41BE-B640-2B92E75416BC}.Debug|Any CPU.Build.0 = Debug|Any CPU
		{CB50D08F-5B4C-41BE-B640-2B92E75416BC}.Release|Any CPU.ActiveCfg = Release|Any CPU
		{CB50D08F-5B4C-41BE-B640-2B92E75416BC}.Release|Any CPU.Build.0 = Release|Any CPU
		{2022F594-B593-47F3-9585-99AE52F7B5C4}.Debug|Any CPU.ActiveCfg = Debug|Any CPU
		{2022F594-B593-47F3-9585-99AE52F7B5C4}.Debug|Any CPU.Build.0 = Debug|Any CPU
		{2022F594-B593-47F3-9585-99AE52F7B5C4}.Release|Any CPU.ActiveCfg = Release|Any CPU
		{2022F594-B593-47F3-9585-99AE52F7B5C4}.Release|Any CPU.Build.0 = Release|Any CPU
		{3FB26DC7-308C-4C7B-BC76-B27095C29357}.Debug|Any CPU.ActiveCfg = Debug|Any CPU
		{3FB26DC7-308C-4C7B-BC76-B27095C29357}.Debug|Any CPU.Build.0 = Debug|Any CPU
		{3FB26DC7-308C-4C7B-BC76-B27095C29357}.Release|Any CPU.ActiveCfg = Release|Any CPU
		{3FB26DC7-308C-4C7B-BC76-B27095C29357}.Release|Any CPU.Build.0 = Release|Any CPU
		{2138DE1B-6BF0-4348-9989-4FA7BA9FE057}.Debug|Any CPU.ActiveCfg = Debug|Any CPU
		{2138DE1B-6BF0-4348-9989-4FA7BA9FE057}.Debug|Any CPU.Build.0 = Debug|Any CPU
		{2138DE1B-6BF0-4348-9989-4FA7BA9FE057}.Release|Any CPU.ActiveCfg = Release|Any CPU
		{2138DE1B-6BF0-4348-9989-4FA7BA9FE057}.Release|Any CPU.Build.0 = Release|Any CPU
		{464181FC-4899-4420-A567-0061F919523F}.Debug|Any CPU.ActiveCfg = Debug|Any CPU
		{464181FC-4899-4420-A567-0061F919523F}.Debug|Any CPU.Build.0 = Debug|Any CPU
		{464181FC-4899-4420-A567-0061F919523F}.Release|Any CPU.ActiveCfg = Release|Any CPU
		{464181FC-4899-4420-A567-0061F919523F}.Release|Any CPU.Build.0 = Release|Any CPU
		{9360BEA7-461F-4C2D-8E55-FD571D85FF08}.Debug|Any CPU.ActiveCfg = Debug|Any CPU
		{9360BEA7-461F-4C2D-8E55-FD571D85FF08}.Debug|Any CPU.Build.0 = Debug|Any CPU
		{9360BEA7-461F-4C2D-8E55-FD571D85FF08}.Release|Any CPU.ActiveCfg = Release|Any CPU
		{9360BEA7-461F-4C2D-8E55-FD571D85FF08}.Release|Any CPU.Build.0 = Release|Any CPU
		{08691344-739B-4276-AFFF-5740B0D533DB}.Debug|Any CPU.ActiveCfg = Debug|Any CPU
		{08691344-739B-4276-AFFF-5740B0D533DB}.Debug|Any CPU.Build.0 = Debug|Any CPU
		{08691344-739B-4276-AFFF-5740B0D533DB}.Release|Any CPU.ActiveCfg = Release|Any CPU
		{08691344-739B-4276-AFFF-5740B0D533DB}.Release|Any CPU.Build.0 = Release|Any CPU
		{90AABE7A-2DD0-4831-8B31-5E7597D4A269}.Debug|Any CPU.ActiveCfg = Debug|Any CPU
		{90AABE7A-2DD0-4831-8B31-5E7597D4A269}.Debug|Any CPU.Build.0 = Debug|Any CPU
		{90AABE7A-2DD0-4831-8B31-5E7597D4A269}.Release|Any CPU.ActiveCfg = Release|Any CPU
		{90AABE7A-2DD0-4831-8B31-5E7597D4A269}.Release|Any CPU.Build.0 = Release|Any CPU
		{2E8DB957-FFBA-4E4F-9683-787599658ECD}.Debug|Any CPU.ActiveCfg = Debug|Any CPU
		{2E8DB957-FFBA-4E4F-9683-787599658ECD}.Debug|Any CPU.Build.0 = Debug|Any CPU
		{2E8DB957-FFBA-4E4F-9683-787599658ECD}.Release|Any CPU.ActiveCfg = Release|Any CPU
		{2E8DB957-FFBA-4E4F-9683-787599658ECD}.Release|Any CPU.Build.0 = Release|Any CPU
		{B6CBFA17-FB0C-492A-8DC9-FAA4320783F3}.Debug|Any CPU.ActiveCfg = Debug|Any CPU
		{B6CBFA17-FB0C-492A-8DC9-FAA4320783F3}.Debug|Any CPU.Build.0 = Debug|Any CPU
		{B6CBFA17-FB0C-492A-8DC9-FAA4320783F3}.Release|Any CPU.ActiveCfg = Release|Any CPU
		{B6CBFA17-FB0C-492A-8DC9-FAA4320783F3}.Release|Any CPU.Build.0 = Release|Any CPU
		{FC7206B5-AEB1-467F-A147-D424CA8DE106}.Debug|Any CPU.ActiveCfg = Debug|Any CPU
		{FC7206B5-AEB1-467F-A147-D424CA8DE106}.Debug|Any CPU.Build.0 = Debug|Any CPU
		{FC7206B5-AEB1-467F-A147-D424CA8DE106}.Release|Any CPU.ActiveCfg = Release|Any CPU
		{FC7206B5-AEB1-467F-A147-D424CA8DE106}.Release|Any CPU.Build.0 = Release|Any CPU
		{231846DB-B256-46EF-BEB3-FA3CBE955509}.Debug|Any CPU.ActiveCfg = Debug|Any CPU
		{231846DB-B256-46EF-BEB3-FA3CBE955509}.Debug|Any CPU.Build.0 = Debug|Any CPU
		{231846DB-B256-46EF-BEB3-FA3CBE955509}.Release|Any CPU.ActiveCfg = Release|Any CPU
		{231846DB-B256-46EF-BEB3-FA3CBE955509}.Release|Any CPU.Build.0 = Release|Any CPU
		{99089D06-A0E6-43D7-BAE9-EDEA36FD71A7}.Debug|Any CPU.ActiveCfg = Debug|Any CPU
		{99089D06-A0E6-43D7-BAE9-EDEA36FD71A7}.Debug|Any CPU.Build.0 = Debug|Any CPU
		{99089D06-A0E6-43D7-BAE9-EDEA36FD71A7}.Release|Any CPU.ActiveCfg = Release|Any CPU
		{99089D06-A0E6-43D7-BAE9-EDEA36FD71A7}.Release|Any CPU.Build.0 = Release|Any CPU
		{3823770F-4339-47A0-AF7B-ABF05384E8E9}.Debug|Any CPU.ActiveCfg = Debug|Any CPU
		{3823770F-4339-47A0-AF7B-ABF05384E8E9}.Debug|Any CPU.Build.0 = Debug|Any CPU
		{3823770F-4339-47A0-AF7B-ABF05384E8E9}.Release|Any CPU.ActiveCfg = Release|Any CPU
		{3823770F-4339-47A0-AF7B-ABF05384E8E9}.Release|Any CPU.Build.0 = Release|Any CPU
		{2FBFE46F-3801-4505-8789-2CCE624097E4}.Debug|Any CPU.ActiveCfg = Debug|Any CPU
		{2FBFE46F-3801-4505-8789-2CCE624097E4}.Debug|Any CPU.Build.0 = Debug|Any CPU
		{2FBFE46F-3801-4505-8789-2CCE624097E4}.Release|Any CPU.ActiveCfg = Release|Any CPU
		{2FBFE46F-3801-4505-8789-2CCE624097E4}.Release|Any CPU.Build.0 = Release|Any CPU
		{CE4115C1-F335-4309-AE08-A42C7687FE82}.Debug|Any CPU.ActiveCfg = Debug|Any CPU
		{CE4115C1-F335-4309-AE08-A42C7687FE82}.Debug|Any CPU.Build.0 = Debug|Any CPU
		{CE4115C1-F335-4309-AE08-A42C7687FE82}.Release|Any CPU.ActiveCfg = Release|Any CPU
		{CE4115C1-F335-4309-AE08-A42C7687FE82}.Release|Any CPU.Build.0 = Release|Any CPU
		{AB0B01FA-6189-44E1-AB9E-4B72DC548C12}.Debug|Any CPU.ActiveCfg = Debug|Any CPU
		{AB0B01FA-6189-44E1-AB9E-4B72DC548C12}.Debug|Any CPU.Build.0 = Debug|Any CPU
		{AB0B01FA-6189-44E1-AB9E-4B72DC548C12}.Release|Any CPU.ActiveCfg = Release|Any CPU
		{AB0B01FA-6189-44E1-AB9E-4B72DC548C12}.Release|Any CPU.Build.0 = Release|Any CPU
		{A74C97E6-4567-4D69-AB48-06A43C550A2D}.Debug|Any CPU.ActiveCfg = Debug|Any CPU
		{A74C97E6-4567-4D69-AB48-06A43C550A2D}.Debug|Any CPU.Build.0 = Debug|Any CPU
		{A74C97E6-4567-4D69-AB48-06A43C550A2D}.Release|Any CPU.ActiveCfg = Release|Any CPU
		{A74C97E6-4567-4D69-AB48-06A43C550A2D}.Release|Any CPU.Build.0 = Release|Any CPU
		{5326D679-0E55-44EE-AC87-C29DB1333CE9}.Debug|Any CPU.ActiveCfg = Debug|Any CPU
		{5326D679-0E55-44EE-AC87-C29DB1333CE9}.Debug|Any CPU.Build.0 = Debug|Any CPU
		{5326D679-0E55-44EE-AC87-C29DB1333CE9}.Release|Any CPU.ActiveCfg = Release|Any CPU
		{5326D679-0E55-44EE-AC87-C29DB1333CE9}.Release|Any CPU.Build.0 = Release|Any CPU
		{37303E5F-9395-4E5A-885C-6FC62762DB3A}.Debug|Any CPU.ActiveCfg = Debug|Any CPU
		{37303E5F-9395-4E5A-885C-6FC62762DB3A}.Debug|Any CPU.Build.0 = Debug|Any CPU
		{37303E5F-9395-4E5A-885C-6FC62762DB3A}.Release|Any CPU.ActiveCfg = Release|Any CPU
		{37303E5F-9395-4E5A-885C-6FC62762DB3A}.Release|Any CPU.Build.0 = Release|Any CPU
		{DFB83449-5F8A-421E-9E90-039AF60F7050}.Debug|Any CPU.ActiveCfg = Debug|Any CPU
		{DFB83449-5F8A-421E-9E90-039AF60F7050}.Debug|Any CPU.Build.0 = Debug|Any CPU
		{DFB83449-5F8A-421E-9E90-039AF60F7050}.Release|Any CPU.ActiveCfg = Release|Any CPU
		{DFB83449-5F8A-421E-9E90-039AF60F7050}.Release|Any CPU.Build.0 = Release|Any CPU
		{3E1E1DA9-5E9F-4BB5-8D8E-EDEDF2AEFBB8}.Debug|Any CPU.ActiveCfg = Debug|Any CPU
		{3E1E1DA9-5E9F-4BB5-8D8E-EDEDF2AEFBB8}.Debug|Any CPU.Build.0 = Debug|Any CPU
		{3E1E1DA9-5E9F-4BB5-8D8E-EDEDF2AEFBB8}.Release|Any CPU.ActiveCfg = Release|Any CPU
		{3E1E1DA9-5E9F-4BB5-8D8E-EDEDF2AEFBB8}.Release|Any CPU.Build.0 = Release|Any CPU
		{AD1973A1-E0FF-45DB-9A02-BC92D8BA687C}.Debug|Any CPU.ActiveCfg = Debug|Any CPU
		{AD1973A1-E0FF-45DB-9A02-BC92D8BA687C}.Debug|Any CPU.Build.0 = Debug|Any CPU
		{AD1973A1-E0FF-45DB-9A02-BC92D8BA687C}.Release|Any CPU.ActiveCfg = Release|Any CPU
		{AD1973A1-E0FF-45DB-9A02-BC92D8BA687C}.Release|Any CPU.Build.0 = Release|Any CPU
		{C5E8B094-8227-4933-9BEC-E6ACD06BF29E}.Debug|Any CPU.ActiveCfg = Debug|Any CPU
		{C5E8B094-8227-4933-9BEC-E6ACD06BF29E}.Debug|Any CPU.Build.0 = Debug|Any CPU
		{C5E8B094-8227-4933-9BEC-E6ACD06BF29E}.Release|Any CPU.ActiveCfg = Release|Any CPU
		{C5E8B094-8227-4933-9BEC-E6ACD06BF29E}.Release|Any CPU.Build.0 = Release|Any CPU
		{18D2A78A-F9FC-454F-8B5F-DC0C7CB50715}.Debug|Any CPU.ActiveCfg = Debug|Any CPU
		{18D2A78A-F9FC-454F-8B5F-DC0C7CB50715}.Debug|Any CPU.Build.0 = Debug|Any CPU
		{18D2A78A-F9FC-454F-8B5F-DC0C7CB50715}.Release|Any CPU.ActiveCfg = Release|Any CPU
		{18D2A78A-F9FC-454F-8B5F-DC0C7CB50715}.Release|Any CPU.Build.0 = Release|Any CPU
	EndGlobalSection
	GlobalSection(SolutionProperties) = preSolution
		HideSolutionNode = FALSE
	EndGlobalSection
	GlobalSection(NestedProjects) = preSolution
		{AC5F2AF6-0104-4D80-81D6-EFBBEF04E45F} = {ABDE01B6-FC83-456F-A98A-D7A8EC332C54}
		{EE2A562B-AC0D-46BD-AFD0-6DC475D72A24} = {ABDE01B6-FC83-456F-A98A-D7A8EC332C54}
		{30AA9BE3-B623-4F28-B3CA-05679C94CA4A} = {ABDE01B6-FC83-456F-A98A-D7A8EC332C54}
		{071AE26E-6E7E-4756-9C5A-9DC0C315B232} = {ABDE01B6-FC83-456F-A98A-D7A8EC332C54}
		{53DDF2EC-07CD-4E21-A63D-C0C2DA398F77} = {071AE26E-6E7E-4756-9C5A-9DC0C315B232}
		{CF3C7FC1-89BF-4116-935F-B0F516111B22} = {AC5F2AF6-0104-4D80-81D6-EFBBEF04E45F}
		{E07E72A9-AFCE-4ACE-9B4A-8CA0A1B43441} = {CF3C7FC1-89BF-4116-935F-B0F516111B22}
		{1641289B-3C05-4D26-AB53-76000A474F33} = {EE2A562B-AC0D-46BD-AFD0-6DC475D72A24}
		{16091AF8-DA92-4885-8DA6-8DCF17667EB5} = {1641289B-3C05-4D26-AB53-76000A474F33}
		{AF848A61-C73D-4F30-976F-70E475FADB14} = {1641289B-3C05-4D26-AB53-76000A474F33}
		{C69633A9-455B-4AB1-BECE-B5F0F6344217} = {1641289B-3C05-4D26-AB53-76000A474F33}
		{CB50D08F-5B4C-41BE-B640-2B92E75416BC} = {1641289B-3C05-4D26-AB53-76000A474F33}
		{2022F594-B593-47F3-9585-99AE52F7B5C4} = {53DDF2EC-07CD-4E21-A63D-C0C2DA398F77}
		{D2062203-42CB-40D2-8C7B-042EFCDA8EDA} = {30AA9BE3-B623-4F28-B3CA-05679C94CA4A}
		{65AA9A4B-D07C-40F7-854A-DAF2160F17B0} = {30AA9BE3-B623-4F28-B3CA-05679C94CA4A}
		{DB2E7374-BB7D-47E0-B419-DC88D5E89FEA} = {30AA9BE3-B623-4F28-B3CA-05679C94CA4A}
		{871089B4-1C8F-4FD2-B5FE-A55779692F9A} = {30AA9BE3-B623-4F28-B3CA-05679C94CA4A}
		{2BCFBC71-8566-4890-A1C6-311CE895F86A} = {30AA9BE3-B623-4F28-B3CA-05679C94CA4A}
		{D51FF296-E77E-4AF0-8CAA-790C7FCE3AAA} = {D2062203-42CB-40D2-8C7B-042EFCDA8EDA}
		{702CB53D-3457-464C-A106-251DD92C1FC2} = {D2062203-42CB-40D2-8C7B-042EFCDA8EDA}
		{46FD332C-F313-4CE9-A7E8-32453BDFEBDF} = {D2062203-42CB-40D2-8C7B-042EFCDA8EDA}
		{49DDF670-B6C9-4FE0-9424-5F275FE4C9B5} = {65AA9A4B-D07C-40F7-854A-DAF2160F17B0}
		{11B821A2-3453-4835-86D5-E14996C7DF57} = {65AA9A4B-D07C-40F7-854A-DAF2160F17B0}
		{0C8F1228-4E7E-43BF-8BCD-46FF7EB15145} = {65AA9A4B-D07C-40F7-854A-DAF2160F17B0}
		{12479A96-67B5-41E2-9284-3F80BAFAC6B9} = {DB2E7374-BB7D-47E0-B419-DC88D5E89FEA}
		{9DC0F8AC-F608-4543-807E-0FCDDDFD11E6} = {DB2E7374-BB7D-47E0-B419-DC88D5E89FEA}
		{442A6673-1380-45AC-91E6-C74CA6399979} = {DB2E7374-BB7D-47E0-B419-DC88D5E89FEA}
		{09F5C7EB-EAF4-41A2-A909-E713510BA7C6} = {2BCFBC71-8566-4890-A1C6-311CE895F86A}
		{05F7807F-6FBB-4A94-A547-DE738763A7F6} = {2BCFBC71-8566-4890-A1C6-311CE895F86A}
		{ED09E72C-E679-4D00-9D2F-BA174889A8FA} = {2BCFBC71-8566-4890-A1C6-311CE895F86A}
		{3FB26DC7-308C-4C7B-BC76-B27095C29357} = {D51FF296-E77E-4AF0-8CAA-790C7FCE3AAA}
		{2138DE1B-6BF0-4348-9989-4FA7BA9FE057} = {D51FF296-E77E-4AF0-8CAA-790C7FCE3AAA}
		{464181FC-4899-4420-A567-0061F919523F} = {702CB53D-3457-464C-A106-251DD92C1FC2}
		{9360BEA7-461F-4C2D-8E55-FD571D85FF08} = {46FD332C-F313-4CE9-A7E8-32453BDFEBDF}
		{08691344-739B-4276-AFFF-5740B0D533DB} = {49DDF670-B6C9-4FE0-9424-5F275FE4C9B5}
		{90AABE7A-2DD0-4831-8B31-5E7597D4A269} = {49DDF670-B6C9-4FE0-9424-5F275FE4C9B5}
		{2E8DB957-FFBA-4E4F-9683-787599658ECD} = {11B821A2-3453-4835-86D5-E14996C7DF57}
		{B6CBFA17-FB0C-492A-8DC9-FAA4320783F3} = {0C8F1228-4E7E-43BF-8BCD-46FF7EB15145}
		{FC7206B5-AEB1-467F-A147-D424CA8DE106} = {12479A96-67B5-41E2-9284-3F80BAFAC6B9}
		{231846DB-B256-46EF-BEB3-FA3CBE955509} = {12479A96-67B5-41E2-9284-3F80BAFAC6B9}
		{99089D06-A0E6-43D7-BAE9-EDEA36FD71A7} = {9DC0F8AC-F608-4543-807E-0FCDDDFD11E6}
		{3823770F-4339-47A0-AF7B-ABF05384E8E9} = {09F5C7EB-EAF4-41A2-A909-E713510BA7C6}
		{080A16AA-95D9-4AD9-830E-9AE72501E325} = {30AA9BE3-B623-4F28-B3CA-05679C94CA4A}
		{CAF9F8E7-E22D-49F2-9A35-333EF601411E} = {080A16AA-95D9-4AD9-830E-9AE72501E325}
		{469062CD-0D3F-4F0F-AFC8-6D4884FB5B66} = {080A16AA-95D9-4AD9-830E-9AE72501E325}
		{E57CC3F7-4E50-45FB-B3A9-66152F21704A} = {080A16AA-95D9-4AD9-830E-9AE72501E325}
		{2FBFE46F-3801-4505-8789-2CCE624097E4} = {CAF9F8E7-E22D-49F2-9A35-333EF601411E}
		{CE4115C1-F335-4309-AE08-A42C7687FE82} = {CAF9F8E7-E22D-49F2-9A35-333EF601411E}
		{AB0B01FA-6189-44E1-AB9E-4B72DC548C12} = {469062CD-0D3F-4F0F-AFC8-6D4884FB5B66}
		{A74C97E6-4567-4D69-AB48-06A43C550A2D} = {469062CD-0D3F-4F0F-AFC8-6D4884FB5B66}
		{5326D679-0E55-44EE-AC87-C29DB1333CE9} = {E57CC3F7-4E50-45FB-B3A9-66152F21704A}
		{37303E5F-9395-4E5A-885C-6FC62762DB3A} = {442A6673-1380-45AC-91E6-C74CA6399979}
		{EB8F3B03-199E-4EAB-96F5-11D527410C0D} = {467AFEB8-BF33-44B0-9BDC-53257DB702E8}
		{DFB83449-5F8A-421E-9E90-039AF60F7050} = {EB8F3B03-199E-4EAB-96F5-11D527410C0D}
		{3E1E1DA9-5E9F-4BB5-8D8E-EDEDF2AEFBB8} = {09F5C7EB-EAF4-41A2-A909-E713510BA7C6}
		{AD1973A1-E0FF-45DB-9A02-BC92D8BA687C} = {05F7807F-6FBB-4A94-A547-DE738763A7F6}
		{C5E8B094-8227-4933-9BEC-E6ACD06BF29E} = {ED09E72C-E679-4D00-9D2F-BA174889A8FA}
		{18D2A78A-F9FC-454F-8B5F-DC0C7CB50715} = {871089B4-1C8F-4FD2-B5FE-A55779692F9A}
	EndGlobalSection
	GlobalSection(ExtensibilityGlobals) = postSolution
		SolutionGuid = {670FAD18-C484-4E9E-AF98-2A1C7DB3A5E9}
	EndGlobalSection
EndGlobal
